
Microsoft Visual Studio Solution File, Format Version 12.00
# Visual Studio Version 16
VisualStudioVersion = 16.0.29709.97
MinimumVisualStudioVersion = 10.0.40219.1
Project("{9A19103F-16F7-4668-BE54-9A1E7A4F7556}") = "ConsoleApp1", "ConsoleApp1\ConsoleApp1.csproj", "{17B8EF21-9D4F-4BD7-8A7B-811CBA7AA047}"
EndProject
Project("{FAE04EC0-301F-11D3-BF4B-00C04F79EFBC}") = "TextReader", "TextReader\TextReader.csproj", "{3CEC3177-3E43-4426-A53A-18936818E098}"
EndProject
Global
	GlobalSection(SolutionConfigurationPlatforms) = preSolution
		Debug|Any CPU = Debug|Any CPU
		Release|Any CPU = Release|Any CPU
	EndGlobalSection
	GlobalSection(ProjectConfigurationPlatforms) = postSolution
		{17B8EF21-9D4F-4BD7-8A7B-811CBA7AA047}.Debug|Any CPU.ActiveCfg = Debug|Any CPU
		{17B8EF21-9D4F-4BD7-8A7B-811CBA7AA047}.Debug|Any CPU.Build.0 = Debug|Any CPU
		{17B8EF21-9D4F-4BD7-8A7B-811CBA7AA047}.Release|Any CPU.ActiveCfg = Release|Any CPU
		{17B8EF21-9D4F-4BD7-8A7B-811CBA7AA047}.Release|Any CPU.Build.0 = Release|Any CPU
		{3CEC3177-3E43-4426-A53A-18936818E098}.Debug|Any CPU.ActiveCfg = Debug|Any CPU
		{3CEC3177-3E43-4426-A53A-18936818E098}.Debug|Any CPU.Build.0 = Debug|Any CPU
		{3CEC3177-3E43-4426-A53A-18936818E098}.Release|Any CPU.ActiveCfg = Release|Any CPU
		{3CEC3177-3E43-4426-A53A-18936818E098}.Release|Any CPU.Build.0 = Release|Any CPU
	EndGlobalSection
	GlobalSection(SolutionProperties) = preSolution
		HideSolutionNode = FALSE
	EndGlobalSection
	GlobalSection(ExtensibilityGlobals) = postSolution
		SolutionGuid = {80A53238-67AC-4F37-9537-7D705789EC14}
	EndGlobalSection
EndGlobal
